
Microsoft Visual Studio Solution File, Format Version 12.00
# Visual Studio Version 17
VisualStudioVersion = 17.3.32922.545
MinimumVisualStudioVersion = 10.0.40219.1
Project("{9092AA53-FB77-4645-B42D-1CCCA6BD08BD}") = "tallerVeterinaria", "tallerVeterinaria\tallerVeterinaria.njsproj", "{5ABDCE39-9EC6-418F-AF42-4A00CE44610F}"
EndProject
Global
	GlobalSection(SolutionConfigurationPlatforms) = preSolution
		Debug|Any CPU = Debug|Any CPU
		Release|Any CPU = Release|Any CPU
	EndGlobalSection
	GlobalSection(ProjectConfigurationPlatforms) = postSolution
		{5ABDCE39-9EC6-418F-AF42-4A00CE44610F}.Debug|Any CPU.ActiveCfg = Debug|Any CPU
		{5ABDCE39-9EC6-418F-AF42-4A00CE44610F}.Debug|Any CPU.Build.0 = Debug|Any CPU
		{5ABDCE39-9EC6-418F-AF42-4A00CE44610F}.Release|Any CPU.ActiveCfg = Release|Any CPU
		{5ABDCE39-9EC6-418F-AF42-4A00CE44610F}.Release|Any CPU.Build.0 = Release|Any CPU
	EndGlobalSection
	GlobalSection(SolutionProperties) = preSolution
		HideSolutionNode = FALSE
	EndGlobalSection
	GlobalSection(ExtensibilityGlobals) = postSolution
		SolutionGuid = {06BEC45C-DE49-4E57-B589-00BF7B61C10C}
	EndGlobalSection
EndGlobal
